// !$*UTF8*$!
{
	archiveVersion = 1;
	classes = {
	};
	objectVersion = 50;
	objects = {

/* Begin PBXBuildFile section */
		82CEDCF0239E8FE800915D97 /* AppDelegate.swift in Sources */ = {isa = PBXBuildFile; fileRef = 82CEDCEF239E8FE800915D97 /* AppDelegate.swift */; };
		82CEDCF2239E8FE800915D97 /* SceneDelegate.swift in Sources */ = {isa = PBXBuildFile; fileRef = 82CEDCF1239E8FE800915D97 /* SceneDelegate.swift */; };
		82CEDCF4239E8FE800915D97 /* ViewController.swift in Sources */ = {isa = PBXBuildFile; fileRef = 82CEDCF3239E8FE800915D97 /* ViewController.swift */; };
		82CEDCF7239E8FE800915D97 /* Main.storyboard in Resources */ = {isa = PBXBuildFile; fileRef = 82CEDCF5239E8FE800915D97 /* Main.storyboard */; };
		82CEDCF9239E8FED00915D97 /* Assets.xcassets in Resources */ = {isa = PBXBuildFile; fileRef = 82CEDCF8239E8FED00915D97 /* Assets.xcassets */; };
		82CEDCFC239E8FED00915D97 /* LaunchScreen.storyboard in Resources */ = {isa = PBXBuildFile; fileRef = 82CEDCFA239E8FED00915D97 /* LaunchScreen.storyboard */; };
/* End PBXBuildFile section */

/* Begin PBXFileReference section */
		82CEDCEC239E8FE800915D97 /* TextRecognitionAndTextSpeech.app */ = {isa = PBXFileReference; explicitFileType = wrapper.application; includeInIndex = 0; path = TextRecognitionAndTextSpeech.app; sourceTree = BUILT_PRODUCTS_DIR; };
		82CEDCEF239E8FE800915D97 /* AppDelegate.swift */ = {isa = PBXFileReference; lastKnownFileType = sourcecode.swift; path = AppDelegate.swift; sourceTree = "<group>"; };
		82CEDCF1239E8FE800915D97 /* SceneDelegate.swift */ = {isa = PBXFileReference; lastKnownFileType = sourcecode.swift; path = SceneDelegate.swift; sourceTree = "<group>"; };
		82CEDCF3239E8FE800915D97 /* ViewController.swift */ = {isa = PBXFileReference; lastKnownFileType = sourcecode.swift; path = ViewController.swift; sourceTree = "<group>"; };
		82CEDCF6239E8FE800915D97 /* Base */ = {isa = PBXFileReference; lastKnownFileType = file.storyboard; name = Base; path = Base.lproj/Main.storyboard; sourceTree = "<group>"; };
		82CEDCF8239E8FED00915D97 /* Assets.xcassets */ = {isa = PBXFileReference; lastKnownFileType = folder.assetcatalog; path = Assets.xcassets; sourceTree = "<group>"; };
		82CEDCFB239E8FED00915D97 /* Base */ = {isa = PBXFileReference; lastKnownFileType = file.storyboard; name = Base; path = Base.lproj/LaunchScreen.storyboard; sourceTree = "<group>"; };
		82CEDCFD239E8FED00915D97 /* Info.plist */ = {isa = PBXFileReference; lastKnownFileType = text.plist.xml; path = Info.plist; sourceTree = "<group>"; };
/* End PBXFileReference section */

/* Begin PBXFrameworksBuildPhase section */
		82CEDCE9239E8FE800915D97 /* Frameworks */ = {
			isa = PBXFrameworksBuildPhase;
			buildActionMask = 2147483647;
			files = (
			);
			runOnlyForDeploymentPostprocessing = 0;
		};
/* End PBXFrameworksBuildPhase section */

/* Begin PBXGroup section */
		82CEDCE3239E8FE800915D97 = {
			isa = PBXGroup;
			children = (
				82CEDCEE239E8FE800915D97 /* TextRecognitionAndTextSpeech */,
				82CEDCED239E8FE800915D97 /* Products */,
			);
			sourceTree = "<group>";
		};
		82CEDCED239E8FE800915D97 /* Products */ = {
			isa = PBXGroup;
			children = (
				82CEDCEC239E8FE800915D97 /* TextRecognitionAndTextSpeech.app */,
			);
			name = Products;
			sourceTree = "<group>";
		};
		82CEDCEE239E8FE800915D97 /* TextRecognitionAndTextSpeech */ = {
			isa = PBXGroup;
			children = (
				82CEDCEF239E8FE800915D97 /* AppDelegate.swift */,
				82CEDCF1239E8FE800915D97 /* SceneDelegate.swift */,
				82CEDCF3239E8FE800915D97 /* ViewController.swift */,
				82CEDCF5239E8FE800915D97 /* Main.storyboard */,
				82CEDCF8239E8FED00915D97 /* Assets.xcassets */,
				82CEDCFA239E8FED00915D97 /* LaunchScreen.storyboard */,
				82CEDCFD239E8FED00915D97 /* Info.plist */,
			);
			path = TextRecognitionAndTextSpeech;
			sourceTree = "<group>";
		};
/* End PBXGroup section */

/* Begin PBXNativeTarget section */
		82CEDCEB239E8FE800915D97 /* TextRecognitionAndTextSpeech */ = {
			isa = PBXNativeTarget;
			buildConfigurationList = 82CEDD00239E8FED00915D97 /* Build configuration list for PBXNativeTarget "TextRecognitionAndTextSpeech" */;
			buildPhases = (
				82CEDCE8239E8FE800915D97 /* Sources */,
				82CEDCE9239E8FE800915D97 /* Frameworks */,
				82CEDCEA239E8FE800915D97 /* Resources */,
			);
			buildRules = (
			);
			dependencies = (
			);
			name = TextRecognitionAndTextSpeech;
			productName = TextRecognitionAndTextSpeech;
			productReference = 82CEDCEC239E8FE800915D97 /* TextRecognitionAndTextSpeech.app */;
			productType = "com.apple.product-type.application";
		};
/* End PBXNativeTarget section */

/* Begin PBXProject section */
		82CEDCE4239E8FE800915D97 /* Project object */ = {
			isa = PBXProject;
			attributes = {
				LastSwiftUpdateCheck = 1120;
				LastUpgradeCheck = 1120;
				ORGANIZATIONNAME = "Oktay Kurt";
				TargetAttributes = {
					82CEDCEB239E8FE800915D97 = {
						CreatedOnToolsVersion = 11.2;
					};
				};
			};
			buildConfigurationList = 82CEDCE7239E8FE800915D97 /* Build configuration list for PBXProject "TextRecognitionAndTextSpeech" */;
			compatibilityVersion = "Xcode 9.3";
			developmentRegion = en;
			hasScannedForEncodings = 0;
			knownRegions = (
				en,
				Base,
			);
			mainGroup = 82CEDCE3239E8FE800915D97;
			productRefGroup = 82CEDCED239E8FE800915D97 /* Products */;
			projectDirPath = "";
			projectRoot = "";
			targets = (
				82CEDCEB239E8FE800915D97 /* TextRecognitionAndTextSpeech */,
			);
		};
/* End PBXProject section */

/* Begin PBXResourcesBuildPhase section */
		82CEDCEA239E8FE800915D97 /* Resources */ = {
			isa = PBXResourcesBuildPhase;
			buildActionMask = 2147483647;
			files = (
				82CEDCFC239E8FED00915D97 /* LaunchScreen.storyboard in Resources */,
				82CEDCF9239E8FED00915D97 /* Assets.xcassets in Resources */,
				82CEDCF7239E8FE800915D97 /* Main.storyboard in Resources */,
			);
			runOnlyForDeploymentPostprocessing = 0;
		};
/* End PBXResourcesBuildPhase section */

/* Begin PBXSourcesBuildPhase section */
		82CEDCE8239E8FE800915D97 /* Sources */ = {
			isa = PBXSourcesBuildPhase;
			buildActionMask = 2147483647;
			files = (
				82CEDCF4239E8FE800915D97 /* ViewController.swift in Sources */,
				82CEDCF0239E8FE800915D97 /* AppDelegate.swift in Sources */,
				82CEDCF2239E8FE800915D97 /* SceneDelegate.swift in Sources */,
			);
			runOnlyForDeploymentPostprocessing = 0;
		};
/* End PBXSourcesBuildPhase section */

/* Begin PBXVariantGroup section */
		82CEDCF5239E8FE800915D97 /* Main.storyboard */ = {
			isa = PBXVariantGroup;
			children = (
				82CEDCF6239E8FE800915D97 /* Base */,
			);
			name = Main.storyboard;
			sourceTree = "<group>";
		};
		82CEDCFA239E8FED00915D97 /* LaunchScreen.storyboard */ = {
			isa = PBXVariantGroup;
			children = (
				82CEDCFB239E8FED00915D97 /* Base */,
			);
			name = LaunchScreen.storyboard;
			sourceTree = "<group>";
		};
/* End PBXVariantGroup section */

/* Begin XCBuildConfiguration section */
		82CEDCFE239E8FED00915D97 /* Debug */ = {
			isa = XCBuildConfiguration;
			buildSettings = {
				ALWAYS_SEARCH_USER_PATHS = NO;
				CLANG_ANALYZER_NONNULL = YES;
				CLANG_ANALYZER_NUMBER_OBJECT_CONVERSION = YES_AGGRESSIVE;
				CLANG_CXX_LANGUAGE_STANDARD = "gnu++14";
				CLANG_CXX_LIBRARY = "libc++";
				CLANG_ENABLE_MODULES = YES;
				CLANG_ENABLE_OBJC_ARC = YES;
				CLANG_ENABLE_OBJC_WEAK = YES;
				CLANG_WARN_BLOCK_CAPTURE_AUTORELEASING = YES;
				CLANG_WARN_BOOL_CONVERSION = YES;
				CLANG_WARN_COMMA = YES;
				CLANG_WARN_CONSTANT_CONVERSION = YES;
				CLANG_WARN_DEPRECATED_OBJC_IMPLEMENTATIONS = YES;
				CLANG_WARN_DIRECT_OBJC_ISA_USAGE = YES_ERROR;
				CLANG_WARN_DOCUMENTATION_COMMENTS = YES;
				CLANG_WARN_EMPTY_BODY = YES;
				CLANG_WARN_ENUM_CONVERSION = YES;
				CLANG_WARN_INFINITE_RECURSION = YES;
				CLANG_WARN_INT_CONVERSION = YES;
				CLANG_WARN_NON_LITERAL_NULL_CONVERSION = YES;
				CLANG_WARN_OBJC_IMPLICIT_RETAIN_SELF = YES;
				CLANG_WARN_OBJC_LITERAL_CONVERSION = YES;
				CLANG_WARN_OBJC_ROOT_CLASS = YES_ERROR;
				CLANG_WARN_RANGE_LOOP_ANALYSIS = YES;
				CLANG_WARN_STRICT_PROTOTYPES = YES;
				CLANG_WARN_SUSPICIOUS_MOVE = YES;
				CLANG_WARN_UNGUARDED_AVAILABILITY = YES_AGGRESSIVE;
				CLANG_WARN_UNREACHABLE_CODE = YES;
				CLANG_WARN__DUPLICATE_METHOD_MATCH = YES;
				COPY_PHASE_STRIP = NO;
				DEBUG_INFORMATION_FORMAT = dwarf;
				ENABLE_STRICT_OBJC_MSGSEND = YES;
				ENABLE_TESTABILITY = YES;
				GCC_C_LANGUAGE_STANDARD = gnu11;
				GCC_DYNAMIC_NO_PIC = NO;
				GCC_NO_COMMON_BLOCKS = YES;
				GCC_OPTIMIZATION_LEVEL = 0;
				GCC_PREPROCESSOR_DEFINITIONS = (
					"DEBUG=1",
					"$(inherited)",
				);
				GCC_WARN_64_TO_32_BIT_CONVERSION = YES;
				GCC_WARN_ABOUT_RETURN_TYPE = YES_ERROR;
				GCC_WARN_UNDECLARED_SELECTOR = YES;
				GCC_WARN_UNINITIALIZED_AUTOS = YES_AGGRESSIVE;
				GCC_WARN_UNUSED_FUNCTION = YES;
				GCC_WARN_UNUSED_VARIABLE = YES;
				IPHONEOS_DEPLOYMENT_TARGET = 13.2;
				MTL_ENABLE_DEBUG_INFO = INCLUDE_SOURCE;
				MTL_FAST_MATH = YES;
				ONLY_ACTIVE_ARCH = YES;
				SDKROOT = iphoneos;
				SWIFT_ACTIVE_COMPILATION_CONDITIONS = DEBUG;
				SWIFT_OPTIMIZATION_LEVEL = "-Onone";
			};
			name = Debug;
		};
		82CEDCFF239E8FED00915D97 /* Release */ = {
			isa = XCBuildConfiguration;
			buildSettings = {
				ALWAYS_SEARCH_USER_PATHS = NO;
				CLANG_ANALYZER_NONNULL = YES;
				CLANG_ANALYZER_NUMBER_OBJECT_CONVERSION = YES_AGGRESSIVE;
				CLANG_CXX_LANGUAGE_STANDARD = "gnu++14";
				CLANG_CXX_LIBRARY = "libc++";
				CLANG_ENABLE_MODULES = YES;
				CLANG_ENABLE_OBJC_ARC = YES;
				CLANG_ENABLE_OBJC_WEAK = YES;
				CLANG_WARN_BLOCK_CAPTURE_AUTORELEASING = YES;
				CLANG_WARN_BOOL_CONVERSION = YES;
				CLANG_WARN_COMMA = YES;
				CLANG_WARN_CONSTANT_CONVERSION = YES;
				CLANG_WARN_DEPRECATED_OBJC_IMPLEMENTATIONS = YES;
				CLANG_WARN_DIRECT_OBJC_ISA_USAGE = YES_ERROR;
				CLANG_WARN_DOCUMENTATION_COMMENTS = YES;
				CLANG_WARN_EMPTY_BODY = YES;
				CLANG_WARN_ENUM_CONVERSION = YES;
				CLANG_WARN_INFINITE_RECURSION = YES;
				CLANG_WARN_INT_CONVERSION = YES;
				CLANG_WARN_NON_LITERAL_NULL_CONVERSION = YES;
				CLANG_WARN_OBJC_IMPLICIT_RETAIN_SELF = YES;
				CLANG_WARN_OBJC_LITERAL_CONVERSION = YES;
				CLANG_WARN_OBJC_ROOT_CLASS = YES_ERROR;
				CLANG_WARN_RANGE_LOOP_ANALYSIS = YES;
				CLANG_WARN_STRICT_PROTOTYPES = YES;
				CLANG_WARN_SUSPICIOUS_MOVE = YES;
				CLANG_WARN_UNGUARDED_AVAILABILITY = YES_AGGRESSIVE;
				CLANG_WARN_UNREACHABLE_CODE = YES;
				CLANG_WARN__DUPLICATE_METHOD_MATCH = YES;
				COPY_PHASE_STRIP = NO;
				DEBUG_INFORMATION_FORMAT = "dwarf-with-dsym";
				ENABLE_NS_ASSERTIONS = NO;
				ENABLE_STRICT_OBJC_MSGSEND = YES;
				GCC_C_LANGUAGE_STANDARD = gnu11;
				GCC_NO_COMMON_BLOCKS = YES;
				GCC_WARN_64_TO_32_BIT_CONVERSION = YES;
				GCC_WARN_ABOUT_RETURN_TYPE = YES_ERROR;
				GCC_WARN_UNDECLARED_SELECTOR = YES;
				GCC_WARN_UNINITIALIZED_AUTOS = YES_AGGRESSIVE;
				GCC_WARN_UNUSED_FUNCTION = YES;
				GCC_WARN_UNUSED_VARIABLE = YES;
				IPHONEOS_DEPLOYMENT_TARGET = 13.2;
				MTL_ENABLE_DEBUG_INFO = NO;
				MTL_FAST_MATH = YES;
				SDKROOT = iphoneos;
				SWIFT_COMPILATION_MODE = wholemodule;
				SWIFT_OPTIMIZATION_LEVEL = "-O";
				VALIDATE_PRODUCT = YES;
			};
			name = Release;
		};
		82CEDD01239E8FED00915D97 /* Debug */ = {
			isa = XCBuildConfiguration;
			buildSettings = {
				ASSETCATALOG_COMPILER_APPICON_NAME = AppIcon;
				CODE_SIGN_STYLE = Automatic;
				DEVELOPMENT_TEAM = XSQ8BQ5W8Z;
				INFOPLIST_FILE = TextRecognitionAndTextSpeech/Info.plist;
				LD_RUNPATH_SEARCH_PATHS = (
					"$(inherited)",
					"@executable_path/Frameworks",
				);
				PRODUCT_BUNDLE_IDENTIFIER = "Oktay-Kurt.TextRecognitionAndTextSpeech";
				PRODUCT_NAME = "$(TARGET_NAME)";
				SWIFT_VERSION = 5.0;
				TARGETED_DEVICE_FAMILY = "1,2";
			};
			name = Debug;
		};
		82CEDD02239E8FED00915D97 /* Release */ = {
			isa = XCBuildConfiguration;
			buildSettings = {
				ASSETCATALOG_COMPILER_APPICON_NAME = AppIcon;
				CODE_SIGN_STYLE = Automatic;
				DEVELOPMENT_TEAM = XSQ8BQ5W8Z;
				INFOPLIST_FILE = TextRecognitionAndTextSpeech/Info.plist;
				LD_RUNPATH_SEARCH_PATHS = (
					"$(inherited)",
					"@executable_path/Frameworks",
				);
				PRODUCT_BUNDLE_IDENTIFIER = "Oktay-Kurt.TextRecognitionAndTextSpeech";
				PRODUCT_NAME = "$(TARGET_NAME)";
				SWIFT_VERSION = 5.0;
				TARGETED_DEVICE_FAMILY = "1,2";
			};
			name = Release;
		};
/* End XCBuildConfiguration section */

/* Begin XCConfigurationList section */
		82CEDCE7239E8FE800915D97 /* Build configuration list for PBXProject "TextRecognitionAndTextSpeech" */ = {
			isa = XCConfigurationList;
			buildConfigurations = (
				82CEDCFE239E8FED00915D97 /* Debug */,
				82CEDCFF239E8FED00915D97 /* Release */,
			);
			defaultConfigurationIsVisible = 0;
			defaultConfigurationName = Release;
		};
		82CEDD00239E8FED00915D97 /* Build configuration list for PBXNativeTarget "TextRecognitionAndTextSpeech" */ = {
			isa = XCConfigurationList;
			buildConfigurations = (
				82CEDD01239E8FED00915D97 /* Debug */,
				82CEDD02239E8FED00915D97 /* Release */,
			);
			defaultConfigurationIsVisible = 0;
			defaultConfigurationName = Release;
		};
/* End XCConfigurationList section */
	};
	rootObject = 82CEDCE4239E8FE800915D97 /* Project object */;
}
